{
  "version": 4,
  "terraform_version": "1.1.6",
  "serial": 7,
  "lineage": "abdbcc50-b9ce-832e-20c4-3c6eadbcc84f",
  "outputs": {},
  "resources": [
    {
      "module": "module.azure_vm",
      "mode": "managed",
      "type": "azurerm_network_interface",
      "name": "main",
      "provider": "provider[\"registry.terraform.io/hashicorp/azurerm\"]",
      "instances": [
        {
          "index_key": 0,
          "schema_version": 0,
          "attributes": {
            "applied_dns_servers": [],
            "dns_servers": [],
            "edge_zone": "",
            "enable_accelerated_networking": false,
            "enable_ip_forwarding": false,
            "id": "/subscriptions/8e485c9b-6527-441b-a8c3-51058f8daf6e/resourceGroups/rg-vm/providers/Microsoft.Network/networkInterfaces/demo-vm-01-nic",
            "internal_dns_name_label": "",
            "internal_domain_name_suffix": "fvieby2sutue3jm3sicoe1avxg.bx.internal.cloudapp.net",
            "ip_configuration": [
              {
                "gateway_load_balancer_frontend_ip_configuration_id": "",
                "name": "ipconfig",
                "primary": true,
                "private_ip_address": "10.0.2.4",
                "private_ip_address_allocation": "Dynamic",
                "private_ip_address_version": "IPv4",
                "public_ip_address_id": "/subscriptions/8e485c9b-6527-441b-a8c3-51058f8daf6e/resourceGroups/rg-vm/providers/Microsoft.Network/publicIPAddresses/demo-vm-01-ip",
                "subnet_id": "/subscriptions/8e485c9b-6527-441b-a8c3-51058f8daf6e/resourceGroups/rg-vm/providers/Microsoft.Network/virtualNetworks/demo-vm-01-network/subnets/internal"
              }
            ],
            "location": "eastus",
            "mac_address": "",
            "name": "demo-vm-01-nic",
            "private_ip_address": "10.0.2.4",
            "private_ip_addresses": [
              "10.0.2.4"
            ],
            "resource_group_name": "rg-vm",
            "tags": {
              "Owner": "CMP"
            },
            "timeouts": null,
            "virtual_machine_id": ""
          },
          "sensitive_attributes": [],
          "private": "eyJlMmJmYjczMC1lY2FhLTExZTYtOGY4OC0zNDM2M2JjN2M0YzAiOnsiY3JlYXRlIjoxODAwMDAwMDAwMDAwLCJkZWxldGUiOjE4MDAwMDAwMDAwMDAsInJlYWQiOjMwMDAwMDAwMDAwMCwidXBkYXRlIjoxODAwMDAwMDAwMDAwfX0=",
          "dependencies": [
            "module.azure_vm.azurerm_public_ip.main",
            "module.azure_vm.azurerm_resource_group.main",
            "module.azure_vm.azurerm_subnet.internal",
            "module.azure_vm.azurerm_virtual_network.main"
          ]
        }
      ]
    },
    {
      "module": "module.azure_vm",
      "mode": "managed",
      "type": "azurerm_public_ip",
      "name": "main",
      "provider": "provider[\"registry.terraform.io/hashicorp/azurerm\"]",
      "instances": [
        {
          "index_key": 0,
          "schema_version": 0,
          "attributes": {
            "allocation_method": "Static",
            "domain_name_label": null,
            "edge_zone": "",
            "fqdn": null,
            "id": "/subscriptions/8e485c9b-6527-441b-a8c3-51058f8daf6e/resourceGroups/rg-vm/providers/Microsoft.Network/publicIPAddresses/demo-vm-01-ip",
            "idle_timeout_in_minutes": 4,
            "ip_address": "20.106.162.147",
            "ip_tags": null,
            "ip_version": "IPv4",
            "location": "eastus",
            "name": "demo-vm-01-ip",
            "public_ip_prefix_id": null,
            "resource_group_name": "rg-vm",
            "reverse_fqdn": null,
            "sku": "Basic",
            "sku_tier": "Regional",
            "tags": {
              "Owner": "CMP"
            },
            "timeouts": null,
            "zones": null
          },
          "sensitive_attributes": [],
          "private": "eyJlMmJmYjczMC1lY2FhLTExZTYtOGY4OC0zNDM2M2JjN2M0YzAiOnsiY3JlYXRlIjoxODAwMDAwMDAwMDAwLCJkZWxldGUiOjE4MDAwMDAwMDAwMDAsInJlYWQiOjMwMDAwMDAwMDAwMCwidXBkYXRlIjoxODAwMDAwMDAwMDAwfX0=",
          "dependencies": [
            "module.azure_vm.azurerm_resource_group.main"
          ]
        }
      ]
    },
    {
      "module": "module.azure_vm",
      "mode": "managed",
      "type": "azurerm_resource_group",
      "name": "main",
      "provider": "provider[\"registry.terraform.io/hashicorp/azurerm\"]",
      "instances": [
        {
          "index_key": 0,
          "schema_version": 0,
          "attributes": {
            "id": "/subscriptions/8e485c9b-6527-441b-a8c3-51058f8daf6e/resourceGroups/rg-vm",
            "location": "eastus",
            "name": "rg-vm",
            "tags": null,
            "timeouts": null
          },
          "sensitive_attributes": [],
          "private": "eyJlMmJmYjczMC1lY2FhLTExZTYtOGY4OC0zNDM2M2JjN2M0YzAiOnsiY3JlYXRlIjo1NDAwMDAwMDAwMDAwLCJkZWxldGUiOjU0MDAwMDAwMDAwMDAsInJlYWQiOjMwMDAwMDAwMDAwMCwidXBkYXRlIjo1NDAwMDAwMDAwMDAwfX0="
        }
      ]
    },
    {
      "module": "module.azure_vm",
      "mode": "managed",
      "type": "azurerm_subnet",
      "name": "internal",
      "provider": "provider[\"registry.terraform.io/hashicorp/azurerm\"]",
      "instances": [
        {
          "index_key": 0,
          "schema_version": 0,
          "attributes": {
            "address_prefixes": [
              "10.0.2.0/24"
            ],
            "delegation": [],
            "enforce_private_link_endpoint_network_policies": false,
            "enforce_private_link_service_network_policies": false,
            "id": "/subscriptions/8e485c9b-6527-441b-a8c3-51058f8daf6e/resourceGroups/rg-vm/providers/Microsoft.Network/virtualNetworks/demo-vm-01-network/subnets/internal",
            "name": "internal",
            "resource_group_name": "rg-vm",
            "service_endpoint_policy_ids": null,
            "service_endpoints": null,
            "timeouts": null,
            "virtual_network_name": "demo-vm-01-network"
          },
          "sensitive_attributes": [],
          "private": "eyJlMmJmYjczMC1lY2FhLTExZTYtOGY4OC0zNDM2M2JjN2M0YzAiOnsiY3JlYXRlIjoxODAwMDAwMDAwMDAwLCJkZWxldGUiOjE4MDAwMDAwMDAwMDAsInJlYWQiOjMwMDAwMDAwMDAwMCwidXBkYXRlIjoxODAwMDAwMDAwMDAwfX0=",
          "dependencies": [
            "module.azure_vm.azurerm_resource_group.main",
            "module.azure_vm.azurerm_virtual_network.main"
          ]
        }
      ]
    },
    {
      "module": "module.azure_vm",
      "mode": "managed",
      "type": "azurerm_virtual_machine",
      "name": "main",
      "provider": "provider[\"registry.terraform.io/hashicorp/azurerm\"]",
      "instances": [
        {
          "index_key": 0,
          "schema_version": 0,
          "attributes": {
            "additional_capabilities": [],
            "availability_set_id": null,
            "boot_diagnostics": [],
            "delete_data_disks_on_termination": true,
            "delete_os_disk_on_termination": true,
            "id": "/subscriptions/8e485c9b-6527-441b-a8c3-51058f8daf6e/resourceGroups/rg-vm/providers/Microsoft.Compute/virtualMachines/demo-vm-01-vm",
            "identity": [],
            "license_type": null,
            "location": "eastus",
            "name": "demo-vm-01-vm",
            "network_interface_ids": [
              "/subscriptions/8e485c9b-6527-441b-a8c3-51058f8daf6e/resourceGroups/rg-vm/providers/Microsoft.Network/networkInterfaces/demo-vm-01-nic"
            ],
            "os_profile": [
              {
                "admin_password": "",
                "admin_username": "vmuser",
                "computer_name": "hostname",
                "custom_data": ""
              }
            ],
            "os_profile_linux_config": [
              {
                "disable_password_authentication": false,
                "ssh_keys": []
              }
            ],
            "os_profile_secrets": [],
            "os_profile_windows_config": [],
            "plan": [],
            "primary_network_interface_id": null,
            "proximity_placement_group_id": null,
            "resource_group_name": "rg-vm",
            "storage_data_disk": [],
            "storage_image_reference": [
              {
                "id": "",
                "offer": "UbuntuServer",
                "publisher": "Canonical",
                "sku": "16.04-LTS",
                "version": "latest"
              }
            ],
            "storage_os_disk": [
              {
                "caching": "ReadWrite",
                "create_option": "FromImage",
                "disk_size_gb": 30,
                "image_uri": "",
                "managed_disk_id": "/subscriptions/8e485c9b-6527-441b-a8c3-51058f8daf6e/resourceGroups/rg-vm/providers/Microsoft.Compute/disks/demo-vm-01-osdisk",
                "managed_disk_type": "Standard_LRS",
                "name": "demo-vm-01-osdisk",
                "os_type": "Linux",
                "vhd_uri": "",
                "write_accelerator_enabled": false
              }
            ],
            "tags": {
              "Owner": "CMP"
            },
            "timeouts": null,
            "vm_size": "Standard_F2",
            "zones": null
          },
          "sensitive_attributes": [],
          "private": "eyJlMmJmYjczMC1lY2FhLTExZTYtOGY4OC0zNDM2M2JjN2M0YzAiOnsiY3JlYXRlIjozNjAwMDAwMDAwMDAwLCJkZWxldGUiOjM2MDAwMDAwMDAwMDAsInJlYWQiOjMwMDAwMDAwMDAwMCwidXBkYXRlIjozNjAwMDAwMDAwMDAwfX0=",
          "dependencies": [
            "module.azure_vm.azurerm_network_interface.main",
            "module.azure_vm.azurerm_public_ip.main",
            "module.azure_vm.azurerm_resource_group.main",
            "module.azure_vm.azurerm_subnet.internal",
            "module.azure_vm.azurerm_virtual_network.main"
          ]
        }
      ]
    },
    {
      "module": "module.azure_vm",
      "mode": "managed",
      "type": "azurerm_virtual_network",
      "name": "main",
      "provider": "provider[\"registry.terraform.io/hashicorp/azurerm\"]",
      "instances": [
        {
          "index_key": 0,
          "schema_version": 0,
          "attributes": {
            "address_space": [
              "10.0.0.0/16"
            ],
            "bgp_community": "",
            "ddos_protection_plan": [],
            "dns_servers": [],
            "edge_zone": "",
            "flow_timeout_in_minutes": 0,
            "guid": "e340502d-a492-4ee8-a59d-9204e26c15be",
            "id": "/subscriptions/8e485c9b-6527-441b-a8c3-51058f8daf6e/resourceGroups/rg-vm/providers/Microsoft.Network/virtualNetworks/demo-vm-01-network",
            "location": "eastus",
            "name": "demo-vm-01-network",
            "resource_group_name": "rg-vm",
            "subnet": [],
            "tags": {
              "Owner": "CMP"
            },
            "timeouts": null
          },
          "sensitive_attributes": [],
          "private": "eyJlMmJmYjczMC1lY2FhLTExZTYtOGY4OC0zNDM2M2JjN2M0YzAiOnsiY3JlYXRlIjoxODAwMDAwMDAwMDAwLCJkZWxldGUiOjE4MDAwMDAwMDAwMDAsInJlYWQiOjMwMDAwMDAwMDAwMCwidXBkYXRlIjoxODAwMDAwMDAwMDAwfX0=",
          "dependencies": [
            "module.azure_vm.azurerm_resource_group.main"
          ]
        }
      ]
    }
  ]
}
